
Microsoft Visual Studio Solution File, Format Version 11.00
# Visual C# Express 2010
Project("{FAE04EC0-301F-11D3-BF4B-00C04F79EFBC}") = "Emuera", "Emuera\Emuera.csproj", "{F3B2ED56-A5BF-45DA-A270-3ED0F775320B}"
EndProject
Global
	GlobalSection(SolutionConfigurationPlatforms) = preSolution
		Debug|Any CPU = Debug|Any CPU
		Release|Any CPU = Release|Any CPU
	EndGlobalSection
	GlobalSection(ProjectConfigurationPlatforms) = postSolution
		{F3B2ED56-A5BF-45DA-A270-3ED0F775320B}.Debug|Any CPU.ActiveCfg = Debug|Any CPU
		{F3B2ED56-A5BF-45DA-A270-3ED0F775320B}.Debug|Any CPU.Build.0 = Debug|Any CPU
		{F3B2ED56-A5BF-45DA-A270-3ED0F775320B}.Release|Any CPU.ActiveCfg = Release|Any CPU
		{F3B2ED56-A5BF-45DA-A270-3ED0F775320B}.Release|Any CPU.Build.0 = Release|Any CPU
	EndGlobalSection
	GlobalSection(SolutionProperties) = preSolution
		HideSolutionNode = FALSE
	EndGlobalSection
EndGlobal
